// !$*UTF8*$!
{
	archiveVersion = 1;
	classes = {
	};
	objectVersion = 46;
	objects = {

/* Begin PBXBuildFile section */
		0408CDA81EA282760096DB20 /* AppDelegate.swift in Sources */ = {isa = PBXBuildFile; fileRef = 0408CDA71EA282760096DB20 /* AppDelegate.swift */; };
		0408CDAA1EA282760096DB20 /* ViewController.swift in Sources */ = {isa = PBXBuildFile; fileRef = 0408CDA91EA282760096DB20 /* ViewController.swift */; };
		0408CDAD1EA282760096DB20 /* Main.storyboard in Resources */ = {isa = PBXBuildFile; fileRef = 0408CDAB1EA282760096DB20 /* Main.storyboard */; };
		0408CDAF1EA282760096DB20 /* Assets.xcassets in Resources */ = {isa = PBXBuildFile; fileRef = 0408CDAE1EA282760096DB20 /* Assets.xcassets */; };
		0408CDB21EA282760096DB20 /* LaunchScreen.storyboard in Resources */ = {isa = PBXBuildFile; fileRef = 0408CDB01EA282760096DB20 /* LaunchScreen.storyboard */; };
		04BDE2961EA2915800CECD25 /* pokemon.csv in Resources */ = {isa = PBXBuildFile; fileRef = 04BDE2951EA2915800CECD25 /* pokemon.csv */; };
		04BDE2991EA2945400CECD25 /* Pokemon.swift in Sources */ = {isa = PBXBuildFile; fileRef = 04BDE2981EA2945400CECD25 /* Pokemon.swift */; };
		04BDE29C1EA29EB600CECD25 /* PokeCell.swift in Sources */ = {isa = PBXBuildFile; fileRef = 04BDE29B1EA29EB600CECD25 /* PokeCell.swift */; };
/* End PBXBuildFile section */

/* Begin PBXFileReference section */
		0408CDA41EA282760096DB20 /* PokeDex.app */ = {isa = PBXFileReference; explicitFileType = wrapper.application; includeInIndex = 0; path = PokeDex.app; sourceTree = BUILT_PRODUCTS_DIR; };
		0408CDA71EA282760096DB20 /* AppDelegate.swift */ = {isa = PBXFileReference; lastKnownFileType = sourcecode.swift; path = AppDelegate.swift; sourceTree = "<group>"; };
		0408CDA91EA282760096DB20 /* ViewController.swift */ = {isa = PBXFileReference; lastKnownFileType = sourcecode.swift; path = ViewController.swift; sourceTree = "<group>"; };
		0408CDAC1EA282760096DB20 /* Base */ = {isa = PBXFileReference; lastKnownFileType = file.storyboard; name = Base; path = Base.lproj/Main.storyboard; sourceTree = "<group>"; };
		0408CDAE1EA282760096DB20 /* Assets.xcassets */ = {isa = PBXFileReference; lastKnownFileType = folder.assetcatalog; path = Assets.xcassets; sourceTree = "<group>"; };
		0408CDB11EA282760096DB20 /* Base */ = {isa = PBXFileReference; lastKnownFileType = file.storyboard; name = Base; path = Base.lproj/LaunchScreen.storyboard; sourceTree = "<group>"; };
		0408CDB31EA282760096DB20 /* Info.plist */ = {isa = PBXFileReference; lastKnownFileType = text.plist.xml; path = Info.plist; sourceTree = "<group>"; };
		04BDE2951EA2915800CECD25 /* pokemon.csv */ = {isa = PBXFileReference; fileEncoding = 4; lastKnownFileType = text; path = pokemon.csv; sourceTree = "<group>"; };
		04BDE2981EA2945400CECD25 /* Pokemon.swift */ = {isa = PBXFileReference; fileEncoding = 4; lastKnownFileType = sourcecode.swift; path = Pokemon.swift; sourceTree = "<group>"; };
		04BDE29B1EA29EB600CECD25 /* PokeCell.swift */ = {isa = PBXFileReference; fileEncoding = 4; lastKnownFileType = sourcecode.swift; path = PokeCell.swift; sourceTree = "<group>"; };
/* End PBXFileReference section */

/* Begin PBXFrameworksBuildPhase section */
		0408CDA11EA282760096DB20 /* Frameworks */ = {
			isa = PBXFrameworksBuildPhase;
			buildActionMask = 2147483647;
			files = (
			);
			runOnlyForDeploymentPostprocessing = 0;
		};
/* End PBXFrameworksBuildPhase section */

/* Begin PBXGroup section */
		0408CD9B1EA282760096DB20 = {
			isa = PBXGroup;
			children = (
				0408CDA61EA282760096DB20 /* PokeDex */,
				0408CDA51EA282760096DB20 /* Products */,
			);
			sourceTree = "<group>";
		};
		0408CDA51EA282760096DB20 /* Products */ = {
			isa = PBXGroup;
			children = (
				0408CDA41EA282760096DB20 /* PokeDex.app */,
			);
			name = Products;
			sourceTree = "<group>";
		};
		0408CDA61EA282760096DB20 /* PokeDex */ = {
			isa = PBXGroup;
			children = (
				04BDE2971EA2942F00CECD25 /* Model */,
				04BDE29A1EA29E7A00CECD25 /* New Group */,
				0408CDA91EA282760096DB20 /* ViewController.swift */,
				0408CDA71EA282760096DB20 /* AppDelegate.swift */,
				0408CDAB1EA282760096DB20 /* Main.storyboard */,
				04BDE2951EA2915800CECD25 /* pokemon.csv */,
				0408CDAE1EA282760096DB20 /* Assets.xcassets */,
				0408CDB01EA282760096DB20 /* LaunchScreen.storyboard */,
				0408CDB31EA282760096DB20 /* Info.plist */,
			);
			path = PokeDex;
			sourceTree = "<group>";
		};
		04BDE2971EA2942F00CECD25 /* Model */ = {
			isa = PBXGroup;
			children = (
				04BDE2981EA2945400CECD25 /* Pokemon.swift */,
			);
			name = Model;
			sourceTree = "<group>";
		};
		04BDE29A1EA29E7A00CECD25 /* New Group */ = {
			isa = PBXGroup;
			children = (
				04BDE29B1EA29EB600CECD25 /* PokeCell.swift */,
			);
			name = "New Group";
			sourceTree = "<group>";
		};
/* End PBXGroup section */

/* Begin PBXNativeTarget section */
		0408CDA31EA282760096DB20 /* PokeDex */ = {
			isa = PBXNativeTarget;
			buildConfigurationList = 0408CDB61EA282760096DB20 /* Build configuration list for PBXNativeTarget "PokeDex" */;
			buildPhases = (
				0408CDA01EA282760096DB20 /* Sources */,
				0408CDA11EA282760096DB20 /* Frameworks */,
				0408CDA21EA282760096DB20 /* Resources */,
			);
			buildRules = (
			);
			dependencies = (
			);
			name = PokeDex;
			productName = PokeDex;
			productReference = 0408CDA41EA282760096DB20 /* PokeDex.app */;
			productType = "com.apple.product-type.application";
		};
/* End PBXNativeTarget section */

/* Begin PBXProject section */
		0408CD9C1EA282760096DB20 /* Project object */ = {
			isa = PBXProject;
			attributes = {
				LastSwiftUpdateCheck = 0830;
				LastUpgradeCheck = 0830;
				ORGANIZATIONNAME = xerox101;
				TargetAttributes = {
					0408CDA31EA282760096DB20 = {
						CreatedOnToolsVersion = 8.3;
						ProvisioningStyle = Automatic;
					};
				};
			};
			buildConfigurationList = 0408CD9F1EA282760096DB20 /* Build configuration list for PBXProject "PokeDex" */;
			compatibilityVersion = "Xcode 3.2";
			developmentRegion = English;
			hasScannedForEncodings = 0;
			knownRegions = (
				en,
				Base,
			);
			mainGroup = 0408CD9B1EA282760096DB20;
			productRefGroup = 0408CDA51EA282760096DB20 /* Products */;
			projectDirPath = "";
			projectRoot = "";
			targets = (
				0408CDA31EA282760096DB20 /* PokeDex */,
			);
		};
/* End PBXProject section */

/* Begin PBXResourcesBuildPhase section */
		0408CDA21EA282760096DB20 /* Resources */ = {
			isa = PBXResourcesBuildPhase;
			buildActionMask = 2147483647;
			files = (
				0408CDB21EA282760096DB20 /* LaunchScreen.storyboard in Resources */,
				0408CDAF1EA282760096DB20 /* Assets.xcassets in Resources */,
				04BDE2961EA2915800CECD25 /* pokemon.csv in Resources */,
				0408CDAD1EA282760096DB20 /* Main.storyboard in Resources */,
			);
			runOnlyForDeploymentPostprocessing = 0;
		};
/* End PBXResourcesBuildPhase section */

/* Begin PBXSourcesBuildPhase section */
		0408CDA01EA282760096DB20 /* Sources */ = {
			isa = PBXSourcesBuildPhase;
			buildActionMask = 2147483647;
			files = (
				04BDE29C1EA29EB600CECD25 /* PokeCell.swift in Sources */,
				0408CDAA1EA282760096DB20 /* ViewController.swift in Sources */,
				0408CDA81EA282760096DB20 /* AppDelegate.swift in Sources */,
				04BDE2991EA2945400CECD25 /* Pokemon.swift in Sources */,
			);
			runOnlyForDeploymentPostprocessing = 0;
		};
/* End PBXSourcesBuildPhase section */

/* Begin PBXVariantGroup section */
		0408CDAB1EA282760096DB20 /* Main.storyboard */ = {
			isa = PBXVariantGroup;
			children = (
				0408CDAC1EA282760096DB20 /* Base */,
			);
			name = Main.storyboard;
			sourceTree = "<group>";
		};
		0408CDB01EA282760096DB20 /* LaunchScreen.storyboard */ = {
			isa = PBXVariantGroup;
			children = (
				0408CDB11EA282760096DB20 /* Base */,
			);
			name = LaunchScreen.storyboard;
			sourceTree = "<group>";
		};
/* End PBXVariantGroup section */

/* Begin XCBuildConfiguration section */
		0408CDB41EA282760096DB20 /* Debug */ = {
			isa = XCBuildConfiguration;
			buildSettings = {
				ALWAYS_SEARCH_USER_PATHS = NO;
				CLANG_ANALYZER_NONNULL = YES;
				CLANG_ANALYZER_NUMBER_OBJECT_CONVERSION = YES_AGGRESSIVE;
				CLANG_CXX_LANGUAGE_STANDARD = "gnu++0x";
				CLANG_CXX_LIBRARY = "libc++";
				CLANG_ENABLE_MODULES = YES;
				CLANG_ENABLE_OBJC_ARC = YES;
				CLANG_WARN_BOOL_CONVERSION = YES;
				CLANG_WARN_CONSTANT_CONVERSION = YES;
				CLANG_WARN_DIRECT_OBJC_ISA_USAGE = YES_ERROR;
				CLANG_WARN_DOCUMENTATION_COMMENTS = YES;
				CLANG_WARN_EMPTY_BODY = YES;
				CLANG_WARN_ENUM_CONVERSION = YES;
				CLANG_WARN_INFINITE_RECURSION = YES;
				CLANG_WARN_INT_CONVERSION = YES;
				CLANG_WARN_OBJC_ROOT_CLASS = YES_ERROR;
				CLANG_WARN_SUSPICIOUS_MOVE = YES;
				CLANG_WARN_UNREACHABLE_CODE = YES;
				CLANG_WARN__DUPLICATE_METHOD_MATCH = YES;
				"CODE_SIGN_IDENTITY[sdk=iphoneos*]" = "iPhone Developer";
				COPY_PHASE_STRIP = NO;
				DEBUG_INFORMATION_FORMAT = dwarf;
				ENABLE_STRICT_OBJC_MSGSEND = YES;
				ENABLE_TESTABILITY = YES;
				GCC_C_LANGUAGE_STANDARD = gnu99;
				GCC_DYNAMIC_NO_PIC = NO;
				GCC_NO_COMMON_BLOCKS = YES;
				GCC_OPTIMIZATION_LEVEL = 0;
				GCC_PREPROCESSOR_DEFINITIONS = (
					"DEBUG=1",
					"$(inherited)",
				);
				GCC_WARN_64_TO_32_BIT_CONVERSION = YES;
				GCC_WARN_ABOUT_RETURN_TYPE = YES_ERROR;
				GCC_WARN_UNDECLARED_SELECTOR = YES;
				GCC_WARN_UNINITIALIZED_AUTOS = YES_AGGRESSIVE;
				GCC_WARN_UNUSED_FUNCTION = YES;
				GCC_WARN_UNUSED_VARIABLE = YES;
				IPHONEOS_DEPLOYMENT_TARGET = 10.3;
				MTL_ENABLE_DEBUG_INFO = YES;
				ONLY_ACTIVE_ARCH = YES;
				SDKROOT = iphoneos;
				SWIFT_ACTIVE_COMPILATION_CONDITIONS = DEBUG;
				SWIFT_OPTIMIZATION_LEVEL = "-Onone";
				TARGETED_DEVICE_FAMILY = "1,2";
			};
			name = Debug;
		};
		0408CDB51EA282760096DB20 /* Release */ = {
			isa = XCBuildConfiguration;
			buildSettings = {
				ALWAYS_SEARCH_USER_PATHS = NO;
				CLANG_ANALYZER_NONNULL = YES;
				CLANG_ANALYZER_NUMBER_OBJECT_CONVERSION = YES_AGGRESSIVE;
				CLANG_CXX_LANGUAGE_STANDARD = "gnu++0x";
				CLANG_CXX_LIBRARY = "libc++";
				CLANG_ENABLE_MODULES = YES;
				CLANG_ENABLE_OBJC_ARC = YES;
				CLANG_WARN_BOOL_CONVERSION = YES;
				CLANG_WARN_CONSTANT_CONVERSION = YES;
				CLANG_WARN_DIRECT_OBJC_ISA_USAGE = YES_ERROR;
				CLANG_WARN_DOCUMENTATION_COMMENTS = YES;
				CLANG_WARN_EMPTY_BODY = YES;
				CLANG_WARN_ENUM_CONVERSION = YES;
				CLANG_WARN_INFINITE_RECURSION = YES;
				CLANG_WARN_INT_CONVERSION = YES;
				CLANG_WARN_OBJC_ROOT_CLASS = YES_ERROR;
				CLANG_WARN_SUSPICIOUS_MOVE = YES;
				CLANG_WARN_UNREACHABLE_CODE = YES;
				CLANG_WARN__DUPLICATE_METHOD_MATCH = YES;
				"CODE_SIGN_IDENTITY[sdk=iphoneos*]" = "iPhone Developer";
				COPY_PHASE_STRIP = NO;
				DEBUG_INFORMATION_FORMAT = "dwarf-with-dsym";
				ENABLE_NS_ASSERTIONS = NO;
				ENABLE_STRICT_OBJC_MSGSEND = YES;
				GCC_C_LANGUAGE_STANDARD = gnu99;
				GCC_NO_COMMON_BLOCKS = YES;
				GCC_WARN_64_TO_32_BIT_CONVERSION = YES;
				GCC_WARN_ABOUT_RETURN_TYPE = YES_ERROR;
				GCC_WARN_UNDECLARED_SELECTOR = YES;
				GCC_WARN_UNINITIALIZED_AUTOS = YES_AGGRESSIVE;
				GCC_WARN_UNUSED_FUNCTION = YES;
				GCC_WARN_UNUSED_VARIABLE = YES;
				IPHONEOS_DEPLOYMENT_TARGET = 10.3;
				MTL_ENABLE_DEBUG_INFO = NO;
				SDKROOT = iphoneos;
				SWIFT_OPTIMIZATION_LEVEL = "-Owholemodule";
				TARGETED_DEVICE_FAMILY = "1,2";
				VALIDATE_PRODUCT = YES;
			};
			name = Release;
		};
		0408CDB71EA282760096DB20 /* Debug */ = {
			isa = XCBuildConfiguration;
			buildSettings = {
				ASSETCATALOG_COMPILER_APPICON_NAME = AppIcon;
				INFOPLIST_FILE = PokeDex/Info.plist;
				LD_RUNPATH_SEARCH_PATHS = "$(inherited) @executable_path/Frameworks";
				PRODUCT_BUNDLE_IDENTIFIER = xerox.PokeDex;
				PRODUCT_NAME = "$(TARGET_NAME)";
				SWIFT_VERSION = 3.0;
			};
			name = Debug;
		};
		0408CDB81EA282760096DB20 /* Release */ = {
			isa = XCBuildConfiguration;
			buildSettings = {
				ASSETCATALOG_COMPILER_APPICON_NAME = AppIcon;
				INFOPLIST_FILE = PokeDex/Info.plist;
				LD_RUNPATH_SEARCH_PATHS = "$(inherited) @executable_path/Frameworks";
				PRODUCT_BUNDLE_IDENTIFIER = xerox.PokeDex;
				PRODUCT_NAME = "$(TARGET_NAME)";
				SWIFT_VERSION = 3.0;
			};
			name = Release;
		};
/* End XCBuildConfiguration section */

/* Begin XCConfigurationList section */
		0408CD9F1EA282760096DB20 /* Build configuration list for PBXProject "PokeDex" */ = {
			isa = XCConfigurationList;
			buildConfigurations = (
				0408CDB41EA282760096DB20 /* Debug */,
				0408CDB51EA282760096DB20 /* Release */,
			);
			defaultConfigurationIsVisible = 0;
			defaultConfigurationName = Release;
		};
		0408CDB61EA282760096DB20 /* Build configuration list for PBXNativeTarget "PokeDex" */ = {
			isa = XCConfigurationList;
			buildConfigurations = (
				0408CDB71EA282760096DB20 /* Debug */,
				0408CDB81EA282760096DB20 /* Release */,
			);
			defaultConfigurationIsVisible = 0;
			defaultConfigurationName = Release;
		};
/* End XCConfigurationList section */
	};
	rootObject = 0408CD9C1EA282760096DB20 /* Project object */;
}
